
Microsoft Visual Studio Solution File, Format Version 12.00
# Visual Studio 2012
Project("{FAE04EC0-301F-11D3-BF4B-00C04F79EFBC}") = "__NAME__", "__NAME__\__NAME__.csproj", "{E8BE3D5D-7FB6-4FE7-B4A0-BDDB8A04A5C3}"
EndProject
Project("{FAE04EC0-301F-11D3-BF4B-00C04F79EFBC}") = "__NAME__.UnitTests", "__NAME__.UnitTests\__NAME__.UnitTests.csproj", "{59F26A32-3BCE-4FF5-BD18-B792011460BE}"
EndProject
Global
	GlobalSection(SolutionConfigurationPlatforms) = preSolution
		Debug|Any CPU = Debug|Any CPU
		Release|Any CPU = Release|Any CPU
	EndGlobalSection
	GlobalSection(ProjectConfigurationPlatforms) = postSolution
		{E8BE3D5D-7FB6-4FE7-B4A0-BDDB8A04A5C3}.Debug|Any CPU.ActiveCfg = Debug|Any CPU
		{E8BE3D5D-7FB6-4FE7-B4A0-BDDB8A04A5C3}.Debug|Any CPU.Build.0 = Debug|Any CPU
		{E8BE3D5D-7FB6-4FE7-B4A0-BDDB8A04A5C3}.Release|Any CPU.ActiveCfg = Release|Any CPU
		{E8BE3D5D-7FB6-4FE7-B4A0-BDDB8A04A5C3}.Release|Any CPU.Build.0 = Release|Any CPU
		{59F26A32-3BCE-4FF5-BD18-B792011460BE}.Debug|Any CPU.ActiveCfg = Debug|Any CPU
		{59F26A32-3BCE-4FF5-BD18-B792011460BE}.Debug|Any CPU.Build.0 = Debug|Any CPU
		{59F26A32-3BCE-4FF5-BD18-B792011460BE}.Release|Any CPU.ActiveCfg = Release|Any CPU
		{59F26A32-3BCE-4FF5-BD18-B792011460BE}.Release|Any CPU.Build.0 = Release|Any CPU
	EndGlobalSection
	GlobalSection(SolutionProperties) = preSolution
		HideSolutionNode = FALSE
	EndGlobalSection
EndGlobal
